
Microsoft Visual Studio Solution File, Format Version 12.00
# Visual Studio Version 17
VisualStudioVersion = 17.8.34511.84
MinimumVisualStudioVersion = 10.0.40219.1
Project("{FAE04EC0-301F-11D3-BF4B-00C04F79EFBC}") = "TheatreAPIsAssignment.API", "TheatreAPIsAssignment.API\TheatreAPIsAssignment.API.csproj", "{AE8C6370-94F0-4FE5-8FD0-AB5D80F44980}"
EndProject
Project("{FAE04EC0-301F-11D3-BF4B-00C04F79EFBC}") = "TheatreAPIsAssignment.Contracts", "TheatreAPIsAssignment.Contracts\TheatreAPIsAssignment.Contracts.csproj", "{98C3E0EE-568C-417F-AACD-7FAA00834D36}"
EndProject
Project("{FAE04EC0-301F-11D3-BF4B-00C04F79EFBC}") = "TheatreAPIsAssignment.Services", "TheatreAPIsAssignment.Services\TheatreAPIsAssignment.Services.csproj", "{E3CE4B6C-60CB-42D4-B1C6-D0047C246DE3}"
EndProject
Global
	GlobalSection(SolutionConfigurationPlatforms) = preSolution
		Debug|Any CPU = Debug|Any CPU
		Release|Any CPU = Release|Any CPU
	EndGlobalSection
	GlobalSection(ProjectConfigurationPlatforms) = postSolution
		{AE8C6370-94F0-4FE5-8FD0-AB5D80F44980}.Debug|Any CPU.ActiveCfg = Debug|Any CPU
		{AE8C6370-94F0-4FE5-8FD0-AB5D80F44980}.Debug|Any CPU.Build.0 = Debug|Any CPU
		{AE8C6370-94F0-4FE5-8FD0-AB5D80F44980}.Release|Any CPU.ActiveCfg = Release|Any CPU
		{AE8C6370-94F0-4FE5-8FD0-AB5D80F44980}.Release|Any CPU.Build.0 = Release|Any CPU
		{98C3E0EE-568C-417F-AACD-7FAA00834D36}.Debug|Any CPU.ActiveCfg = Debug|Any CPU
		{98C3E0EE-568C-417F-AACD-7FAA00834D36}.Debug|Any CPU.Build.0 = Debug|Any CPU
		{98C3E0EE-568C-417F-AACD-7FAA00834D36}.Release|Any CPU.ActiveCfg = Release|Any CPU
		{98C3E0EE-568C-417F-AACD-7FAA00834D36}.Release|Any CPU.Build.0 = Release|Any CPU
		{E3CE4B6C-60CB-42D4-B1C6-D0047C246DE3}.Debug|Any CPU.ActiveCfg = Debug|Any CPU
		{E3CE4B6C-60CB-42D4-B1C6-D0047C246DE3}.Debug|Any CPU.Build.0 = Debug|Any CPU
		{E3CE4B6C-60CB-42D4-B1C6-D0047C246DE3}.Release|Any CPU.ActiveCfg = Release|Any CPU
		{E3CE4B6C-60CB-42D4-B1C6-D0047C246DE3}.Release|Any CPU.Build.0 = Release|Any CPU
	EndGlobalSection
	GlobalSection(SolutionProperties) = preSolution
		HideSolutionNode = FALSE
	EndGlobalSection
	GlobalSection(ExtensibilityGlobals) = postSolution
		SolutionGuid = {89D638FA-E334-4937-92A1-9F9C08CF0E5B}
	EndGlobalSection
EndGlobal
